// !$*UTF8*$!
{
	archiveVersion = 1;
	classes = {
	};
	objectVersion = 50;
	objects = {

/* Begin PBXBuildFile section */
		D0C012B4269988CC00C04013 /* AppDelegate.swift in Sources */ = {isa = PBXBuildFile; fileRef = D0C012B3269988CC00C04013 /* AppDelegate.swift */; };
		D0C012B6269988CC00C04013 /* SceneDelegate.swift in Sources */ = {isa = PBXBuildFile; fileRef = D0C012B5269988CC00C04013 /* SceneDelegate.swift */; };
		D0C012B8269988CC00C04013 /* FirstView.swift in Sources */ = {isa = PBXBuildFile; fileRef = D0C012B7269988CC00C04013 /* FirstView.swift */; };
		D0C012BB269988CC00C04013 /* Main.storyboard in Resources */ = {isa = PBXBuildFile; fileRef = D0C012B9269988CC00C04013 /* Main.storyboard */; };
		D0C012BD269988CD00C04013 /* Assets.xcassets in Resources */ = {isa = PBXBuildFile; fileRef = D0C012BC269988CD00C04013 /* Assets.xcassets */; };
		D0C012C0269988CD00C04013 /* LaunchScreen.storyboard in Resources */ = {isa = PBXBuildFile; fileRef = D0C012BE269988CD00C04013 /* LaunchScreen.storyboard */; };
		D0C012D526999E8300C04013 /* SecondView.swift in Sources */ = {isa = PBXBuildFile; fileRef = D0C012D426999E8300C04013 /* SecondView.swift */; };
		D0C012D726999E9200C04013 /* ThirdView.swift in Sources */ = {isa = PBXBuildFile; fileRef = D0C012D626999E9200C04013 /* ThirdView.swift */; };
		D0C012DC2699F12A00C04013 /* Notification_Name.swift in Sources */ = {isa = PBXBuildFile; fileRef = D0C012DB2699F12A00C04013 /* Notification_Name.swift */; };
/* End PBXBuildFile section */

/* Begin PBXFileReference section */
		D0C012B0269988CC00C04013 /* NotificationSendValue-Demo.app */ = {isa = PBXFileReference; explicitFileType = wrapper.application; includeInIndex = 0; path = "NotificationSendValue-Demo.app"; sourceTree = BUILT_PRODUCTS_DIR; };
		D0C012B3269988CC00C04013 /* AppDelegate.swift */ = {isa = PBXFileReference; lastKnownFileType = sourcecode.swift; path = AppDelegate.swift; sourceTree = "<group>"; };
		D0C012B5269988CC00C04013 /* SceneDelegate.swift */ = {isa = PBXFileReference; lastKnownFileType = sourcecode.swift; path = SceneDelegate.swift; sourceTree = "<group>"; };
		D0C012B7269988CC00C04013 /* FirstView.swift */ = {isa = PBXFileReference; lastKnownFileType = sourcecode.swift; path = FirstView.swift; sourceTree = "<group>"; };
		D0C012BA269988CC00C04013 /* Base */ = {isa = PBXFileReference; lastKnownFileType = file.storyboard; name = Base; path = Base.lproj/Main.storyboard; sourceTree = "<group>"; };
		D0C012BC269988CD00C04013 /* Assets.xcassets */ = {isa = PBXFileReference; lastKnownFileType = folder.assetcatalog; path = Assets.xcassets; sourceTree = "<group>"; };
		D0C012BF269988CD00C04013 /* Base */ = {isa = PBXFileReference; lastKnownFileType = file.storyboard; name = Base; path = Base.lproj/LaunchScreen.storyboard; sourceTree = "<group>"; };
		D0C012C1269988CD00C04013 /* Info.plist */ = {isa = PBXFileReference; lastKnownFileType = text.plist.xml; path = Info.plist; sourceTree = "<group>"; };
		D0C012D426999E8300C04013 /* SecondView.swift */ = {isa = PBXFileReference; lastKnownFileType = sourcecode.swift; path = SecondView.swift; sourceTree = "<group>"; };
		D0C012D626999E9200C04013 /* ThirdView.swift */ = {isa = PBXFileReference; lastKnownFileType = sourcecode.swift; path = ThirdView.swift; sourceTree = "<group>"; };
		D0C012DB2699F12A00C04013 /* Notification_Name.swift */ = {isa = PBXFileReference; lastKnownFileType = sourcecode.swift; path = Notification_Name.swift; sourceTree = "<group>"; };
/* End PBXFileReference section */

/* Begin PBXFrameworksBuildPhase section */
		D0C012AD269988CC00C04013 /* Frameworks */ = {
			isa = PBXFrameworksBuildPhase;
			buildActionMask = 2147483647;
			files = (
			);
			runOnlyForDeploymentPostprocessing = 0;
		};
/* End PBXFrameworksBuildPhase section */

/* Begin PBXGroup section */
		D0C012A7269988CC00C04013 = {
			isa = PBXGroup;
			children = (
				D0C012B2269988CC00C04013 /* NotificationSendValue-Demo */,
				D0C012B1269988CC00C04013 /* Products */,
			);
			sourceTree = "<group>";
		};
		D0C012B1269988CC00C04013 /* Products */ = {
			isa = PBXGroup;
			children = (
				D0C012B0269988CC00C04013 /* NotificationSendValue-Demo.app */,
			);
			name = Products;
			sourceTree = "<group>";
		};
		D0C012B2269988CC00C04013 /* NotificationSendValue-Demo */ = {
			isa = PBXGroup;
			children = (
				D0C012C92699890E00C04013 /* Model */,
				D0C012C82699890700C04013 /* View */,
				D0C012C7269988FE00C04013 /* Controller */,
				D0C012CA2699892800C04013 /* SupportingFiles */,
				D0C012C1269988CD00C04013 /* Info.plist */,
			);
			path = "NotificationSendValue-Demo";
			sourceTree = "<group>";
		};
		D0C012C7269988FE00C04013 /* Controller */ = {
			isa = PBXGroup;
			children = (
				D0C012B7269988CC00C04013 /* FirstView.swift */,
				D0C012D426999E8300C04013 /* SecondView.swift */,
				D0C012D626999E9200C04013 /* ThirdView.swift */,
			);
			path = Controller;
			sourceTree = "<group>";
		};
		D0C012C82699890700C04013 /* View */ = {
			isa = PBXGroup;
			children = (
				D0C012B9269988CC00C04013 /* Main.storyboard */,
				D0C012BE269988CD00C04013 /* LaunchScreen.storyboard */,
			);
			path = View;
			sourceTree = "<group>";
		};
		D0C012C92699890E00C04013 /* Model */ = {
			isa = PBXGroup;
			children = (
				D0C012DA2699F10800C04013 /* Extension */,
			);
			path = Model;
			sourceTree = "<group>";
		};
		D0C012CA2699892800C04013 /* SupportingFiles */ = {
			isa = PBXGroup;
			children = (
				D0C012B3269988CC00C04013 /* AppDelegate.swift */,
				D0C012B5269988CC00C04013 /* SceneDelegate.swift */,
				D0C012BC269988CD00C04013 /* Assets.xcassets */,
			);
			path = SupportingFiles;
			sourceTree = "<group>";
		};
		D0C012DA2699F10800C04013 /* Extension */ = {
			isa = PBXGroup;
			children = (
				D0C012DB2699F12A00C04013 /* Notification_Name.swift */,
			);
			path = Extension;
			sourceTree = "<group>";
		};
/* End PBXGroup section */

/* Begin PBXNativeTarget section */
		D0C012AF269988CC00C04013 /* NotificationSendValue-Demo */ = {
			isa = PBXNativeTarget;
			buildConfigurationList = D0C012C4269988CD00C04013 /* Build configuration list for PBXNativeTarget "NotificationSendValue-Demo" */;
			buildPhases = (
				D0C012AC269988CC00C04013 /* Sources */,
				D0C012AD269988CC00C04013 /* Frameworks */,
				D0C012AE269988CC00C04013 /* Resources */,
			);
			buildRules = (
			);
			dependencies = (
			);
			name = "NotificationSendValue-Demo";
			productName = "NotificationSendValue-Demo";
			productReference = D0C012B0269988CC00C04013 /* NotificationSendValue-Demo.app */;
			productType = "com.apple.product-type.application";
		};
/* End PBXNativeTarget section */

/* Begin PBXProject section */
		D0C012A8269988CC00C04013 /* Project object */ = {
			isa = PBXProject;
			attributes = {
				LastSwiftUpdateCheck = 1250;
				LastUpgradeCheck = 1250;
				TargetAttributes = {
					D0C012AF269988CC00C04013 = {
						CreatedOnToolsVersion = 12.5.1;
					};
				};
			};
			buildConfigurationList = D0C012AB269988CC00C04013 /* Build configuration list for PBXProject "NotificationSendValue-Demo" */;
			compatibilityVersion = "Xcode 9.3";
			developmentRegion = en;
			hasScannedForEncodings = 0;
			knownRegions = (
				en,
				Base,
			);
			mainGroup = D0C012A7269988CC00C04013;
			productRefGroup = D0C012B1269988CC00C04013 /* Products */;
			projectDirPath = "";
			projectRoot = "";
			targets = (
				D0C012AF269988CC00C04013 /* NotificationSendValue-Demo */,
			);
		};
/* End PBXProject section */

/* Begin PBXResourcesBuildPhase section */
		D0C012AE269988CC00C04013 /* Resources */ = {
			isa = PBXResourcesBuildPhase;
			buildActionMask = 2147483647;
			files = (
				D0C012C0269988CD00C04013 /* LaunchScreen.storyboard in Resources */,
				D0C012BD269988CD00C04013 /* Assets.xcassets in Resources */,
				D0C012BB269988CC00C04013 /* Main.storyboard in Resources */,
			);
			runOnlyForDeploymentPostprocessing = 0;
		};
/* End PBXResourcesBuildPhase section */

/* Begin PBXSourcesBuildPhase section */
		D0C012AC269988CC00C04013 /* Sources */ = {
			isa = PBXSourcesBuildPhase;
			buildActionMask = 2147483647;
			files = (
				D0C012B8269988CC00C04013 /* FirstView.swift in Sources */,
				D0C012D726999E9200C04013 /* ThirdView.swift in Sources */,
				D0C012B4269988CC00C04013 /* AppDelegate.swift in Sources */,
				D0C012DC2699F12A00C04013 /* Notification_Name.swift in Sources */,
				D0C012D526999E8300C04013 /* SecondView.swift in Sources */,
				D0C012B6269988CC00C04013 /* SceneDelegate.swift in Sources */,
			);
			runOnlyForDeploymentPostprocessing = 0;
		};
/* End PBXSourcesBuildPhase section */

/* Begin PBXVariantGroup section */
		D0C012B9269988CC00C04013 /* Main.storyboard */ = {
			isa = PBXVariantGroup;
			children = (
				D0C012BA269988CC00C04013 /* Base */,
			);
			name = Main.storyboard;
			sourceTree = "<group>";
		};
		D0C012BE269988CD00C04013 /* LaunchScreen.storyboard */ = {
			isa = PBXVariantGroup;
			children = (
				D0C012BF269988CD00C04013 /* Base */,
			);
			name = LaunchScreen.storyboard;
			sourceTree = "<group>";
		};
/* End PBXVariantGroup section */

/* Begin XCBuildConfiguration section */
		D0C012C2269988CD00C04013 /* Debug */ = {
			isa = XCBuildConfiguration;
			buildSettings = {
				ALWAYS_SEARCH_USER_PATHS = NO;
				CLANG_ANALYZER_NONNULL = YES;
				CLANG_ANALYZER_NUMBER_OBJECT_CONVERSION = YES_AGGRESSIVE;
				CLANG_CXX_LANGUAGE_STANDARD = "gnu++14";
				CLANG_CXX_LIBRARY = "libc++";
				CLANG_ENABLE_MODULES = YES;
				CLANG_ENABLE_OBJC_ARC = YES;
				CLANG_ENABLE_OBJC_WEAK = YES;
				CLANG_WARN_BLOCK_CAPTURE_AUTORELEASING = YES;
				CLANG_WARN_BOOL_CONVERSION = YES;
				CLANG_WARN_COMMA = YES;
				CLANG_WARN_CONSTANT_CONVERSION = YES;
				CLANG_WARN_DEPRECATED_OBJC_IMPLEMENTATIONS = YES;
				CLANG_WARN_DIRECT_OBJC_ISA_USAGE = YES_ERROR;
				CLANG_WARN_DOCUMENTATION_COMMENTS = YES;
				CLANG_WARN_EMPTY_BODY = YES;
				CLANG_WARN_ENUM_CONVERSION = YES;
				CLANG_WARN_INFINITE_RECURSION = YES;
				CLANG_WARN_INT_CONVERSION = YES;
				CLANG_WARN_NON_LITERAL_NULL_CONVERSION = YES;
				CLANG_WARN_OBJC_IMPLICIT_RETAIN_SELF = YES;
				CLANG_WARN_OBJC_LITERAL_CONVERSION = YES;
				CLANG_WARN_OBJC_ROOT_CLASS = YES_ERROR;
				CLANG_WARN_QUOTED_INCLUDE_IN_FRAMEWORK_HEADER = YES;
				CLANG_WARN_RANGE_LOOP_ANALYSIS = YES;
				CLANG_WARN_STRICT_PROTOTYPES = YES;
				CLANG_WARN_SUSPICIOUS_MOVE = YES;
				CLANG_WARN_UNGUARDED_AVAILABILITY = YES_AGGRESSIVE;
				CLANG_WARN_UNREACHABLE_CODE = YES;
				CLANG_WARN__DUPLICATE_METHOD_MATCH = YES;
				COPY_PHASE_STRIP = NO;
				DEBUG_INFORMATION_FORMAT = dwarf;
				ENABLE_STRICT_OBJC_MSGSEND = YES;
				ENABLE_TESTABILITY = YES;
				GCC_C_LANGUAGE_STANDARD = gnu11;
				GCC_DYNAMIC_NO_PIC = NO;
				GCC_NO_COMMON_BLOCKS = YES;
				GCC_OPTIMIZATION_LEVEL = 0;
				GCC_PREPROCESSOR_DEFINITIONS = (
					"DEBUG=1",
					"$(inherited)",
				);
				GCC_WARN_64_TO_32_BIT_CONVERSION = YES;
				GCC_WARN_ABOUT_RETURN_TYPE = YES_ERROR;
				GCC_WARN_UNDECLARED_SELECTOR = YES;
				GCC_WARN_UNINITIALIZED_AUTOS = YES_AGGRESSIVE;
				GCC_WARN_UNUSED_FUNCTION = YES;
				GCC_WARN_UNUSED_VARIABLE = YES;
				IPHONEOS_DEPLOYMENT_TARGET = 14.5;
				MTL_ENABLE_DEBUG_INFO = INCLUDE_SOURCE;
				MTL_FAST_MATH = YES;
				ONLY_ACTIVE_ARCH = YES;
				SDKROOT = iphoneos;
				SWIFT_ACTIVE_COMPILATION_CONDITIONS = DEBUG;
				SWIFT_OPTIMIZATION_LEVEL = "-Onone";
			};
			name = Debug;
		};
		D0C012C3269988CD00C04013 /* Release */ = {
			isa = XCBuildConfiguration;
			buildSettings = {
				ALWAYS_SEARCH_USER_PATHS = NO;
				CLANG_ANALYZER_NONNULL = YES;
				CLANG_ANALYZER_NUMBER_OBJECT_CONVERSION = YES_AGGRESSIVE;
				CLANG_CXX_LANGUAGE_STANDARD = "gnu++14";
				CLANG_CXX_LIBRARY = "libc++";
				CLANG_ENABLE_MODULES = YES;
				CLANG_ENABLE_OBJC_ARC = YES;
				CLANG_ENABLE_OBJC_WEAK = YES;
				CLANG_WARN_BLOCK_CAPTURE_AUTORELEASING = YES;
				CLANG_WARN_BOOL_CONVERSION = YES;
				CLANG_WARN_COMMA = YES;
				CLANG_WARN_CONSTANT_CONVERSION = YES;
				CLANG_WARN_DEPRECATED_OBJC_IMPLEMENTATIONS = YES;
				CLANG_WARN_DIRECT_OBJC_ISA_USAGE = YES_ERROR;
				CLANG_WARN_DOCUMENTATION_COMMENTS = YES;
				CLANG_WARN_EMPTY_BODY = YES;
				CLANG_WARN_ENUM_CONVERSION = YES;
				CLANG_WARN_INFINITE_RECURSION = YES;
				CLANG_WARN_INT_CONVERSION = YES;
				CLANG_WARN_NON_LITERAL_NULL_CONVERSION = YES;
				CLANG_WARN_OBJC_IMPLICIT_RETAIN_SELF = YES;
				CLANG_WARN_OBJC_LITERAL_CONVERSION = YES;
				CLANG_WARN_OBJC_ROOT_CLASS = YES_ERROR;
				CLANG_WARN_QUOTED_INCLUDE_IN_FRAMEWORK_HEADER = YES;
				CLANG_WARN_RANGE_LOOP_ANALYSIS = YES;
				CLANG_WARN_STRICT_PROTOTYPES = YES;
				CLANG_WARN_SUSPICIOUS_MOVE = YES;
				CLANG_WARN_UNGUARDED_AVAILABILITY = YES_AGGRESSIVE;
				CLANG_WARN_UNREACHABLE_CODE = YES;
				CLANG_WARN__DUPLICATE_METHOD_MATCH = YES;
				COPY_PHASE_STRIP = NO;
				DEBUG_INFORMATION_FORMAT = "dwarf-with-dsym";
				ENABLE_NS_ASSERTIONS = NO;
				ENABLE_STRICT_OBJC_MSGSEND = YES;
				GCC_C_LANGUAGE_STANDARD = gnu11;
				GCC_NO_COMMON_BLOCKS = YES;
				GCC_WARN_64_TO_32_BIT_CONVERSION = YES;
				GCC_WARN_ABOUT_RETURN_TYPE = YES_ERROR;
				GCC_WARN_UNDECLARED_SELECTOR = YES;
				GCC_WARN_UNINITIALIZED_AUTOS = YES_AGGRESSIVE;
				GCC_WARN_UNUSED_FUNCTION = YES;
				GCC_WARN_UNUSED_VARIABLE = YES;
				IPHONEOS_DEPLOYMENT_TARGET = 14.5;
				MTL_ENABLE_DEBUG_INFO = NO;
				MTL_FAST_MATH = YES;
				SDKROOT = iphoneos;
				SWIFT_COMPILATION_MODE = wholemodule;
				SWIFT_OPTIMIZATION_LEVEL = "-O";
				VALIDATE_PRODUCT = YES;
			};
			name = Release;
		};
		D0C012C5269988CD00C04013 /* Debug */ = {
			isa = XCBuildConfiguration;
			buildSettings = {
				ASSETCATALOG_COMPILER_APPICON_NAME = AppIcon;
				ASSETCATALOG_COMPILER_GLOBAL_ACCENT_COLOR_NAME = AccentColor;
				CODE_SIGN_STYLE = Automatic;
				DEVELOPMENT_TEAM = 23JEQ2524P;
				INFOPLIST_FILE = "NotificationSendValue-Demo/Info.plist";
				IPHONEOS_DEPLOYMENT_TARGET = 13.0;
				LD_RUNPATH_SEARCH_PATHS = (
					"$(inherited)",
					"@executable_path/Frameworks",
				);
				PRODUCT_BUNDLE_IDENTIFIER = "com.leoho..NotificationSendValue-Demo";
				PRODUCT_NAME = "$(TARGET_NAME)";
				SWIFT_VERSION = 5.0;
				TARGETED_DEVICE_FAMILY = "1,2";
			};
			name = Debug;
		};
		D0C012C6269988CD00C04013 /* Release */ = {
			isa = XCBuildConfiguration;
			buildSettings = {
				ASSETCATALOG_COMPILER_APPICON_NAME = AppIcon;
				ASSETCATALOG_COMPILER_GLOBAL_ACCENT_COLOR_NAME = AccentColor;
				CODE_SIGN_STYLE = Automatic;
				DEVELOPMENT_TEAM = 23JEQ2524P;
				INFOPLIST_FILE = "NotificationSendValue-Demo/Info.plist";
				IPHONEOS_DEPLOYMENT_TARGET = 13.0;
				LD_RUNPATH_SEARCH_PATHS = (
					"$(inherited)",
					"@executable_path/Frameworks",
				);
				PRODUCT_BUNDLE_IDENTIFIER = "com.leoho..NotificationSendValue-Demo";
				PRODUCT_NAME = "$(TARGET_NAME)";
				SWIFT_VERSION = 5.0;
				TARGETED_DEVICE_FAMILY = "1,2";
			};
			name = Release;
		};
/* End XCBuildConfiguration section */

/* Begin XCConfigurationList section */
		D0C012AB269988CC00C04013 /* Build configuration list for PBXProject "NotificationSendValue-Demo" */ = {
			isa = XCConfigurationList;
			buildConfigurations = (
				D0C012C2269988CD00C04013 /* Debug */,
				D0C012C3269988CD00C04013 /* Release */,
			);
			defaultConfigurationIsVisible = 0;
			defaultConfigurationName = Release;
		};
		D0C012C4269988CD00C04013 /* Build configuration list for PBXNativeTarget "NotificationSendValue-Demo" */ = {
			isa = XCConfigurationList;
			buildConfigurations = (
				D0C012C5269988CD00C04013 /* Debug */,
				D0C012C6269988CD00C04013 /* Release */,
			);
			defaultConfigurationIsVisible = 0;
			defaultConfigurationName = Release;
		};
/* End XCConfigurationList section */
	};
	rootObject = D0C012A8269988CC00C04013 /* Project object */;
}
